<?xml version="1.0" encoding="utf-8"?>
<Project ToolsVersion="4.0" xmlns="http://schemas.microsoft.com/developer/msbuild/2003">
  <ItemGroup>
    <Filter Include="Source Files">
      <UniqueIdentifier>{e6dd3a26-70a5-4249-a5da-9509769872b7}</UniqueIdentifier>
      <Extensions>cpp;c;cxx;rc;def;r;odl;idl;hpj;bat</Extensions>
    </Filter>
    <Filter Include="Header Files">
      <UniqueIdentifier>{d32fce4a-49c5-4eee-b74b-6e1222975f14}</UniqueIdentifier>
      <Extensions>h;hpp;hxx;hm;inl</Extensions>
    </Filter>
    <Filter Include="Resource Files">
      <UniqueIdentifier>{3df4afba-cee2-407d-9fd5-2812f6755e5a}</UniqueIdentifier>
      <Extensions>ico;cur;bmp;dlg;rc2;rct;bin;rgs;gif;jpg;jpeg;jpe</Extensions>
    </Filter>
    <Filter Include="Etc">
      <UniqueIdentifier>{f1fc8281-2a3a-48c2-9f66-7d0bf30f1ff5}</UniqueIdentifier>
    </Filter>
    <Filter Include="Javascript">
      <UniqueIdentifier>{464dea74-9119-4930-b03e-7ba9051fafc7}</UniqueIdentifier>
      <ParseFiles>false</ParseFiles>
    </Filter>
    <Filter Include="Javascript\Old">
      <UniqueIdentifier>{bb531e41-93ba-42f6-9125-443150a4d14c}</UniqueIdentifier>
    </Filter>
  </ItemGroup>
  <ItemGroup>
    <ClCompile Include="Src\dew.c">
      <Filter>Source Files</Filter>
    </ClCompile>
    <ClCompile Include="Src\httpio.c">
      <Filter>Source Files</Filter>
    </ClCompile>
    <ClCompile Include="Src\snprfc.c">
      <Filter>Source Files</Filter>
    </ClCompile>
    <ClCompile Include="Src\cmemc.c">
      <Filter>Source Files</Filter>
    </ClCompile>
    <ClCompile Include="Src\utl.c">
      <Filter>Source Files</Filter>
    </ClCompile>
    <ClCompile Include="Src\parsehttp.c">
      <Filter>Source Files</Filter>
    </ClCompile>
    <ClCompile Include="Src\dbtreec.c">
      <Filter>Source Files</Filter>
    </ClCompile>
    <ClCompile Include="Src\jsenv.c">
      <Filter>Source Files</Filter>
    </ClCompile>
    <ClCompile Include="Src\jstok.c">
      <Filter>Source Files</Filter>
    </ClCompile>
    <ClCompile Include="Src\jsexp.c">
      <Filter>Source Files</Filter>
    </ClCompile>
    <ClCompile Include="Src\internal.c">
      <Filter>Source Files</Filter>
    </ClCompile>
    <ClCompile Include="Src\var.c">
      <Filter>Source Files</Filter>
    </ClCompile>
    <ClCompile Include="Src\prep.c">
      <Filter>Source Files</Filter>
    </ClCompile>
    <ClCompile Include="Src\print.c">
      <Filter>Source Files</Filter>
    </ClCompile>
    <ClCompile Include="Src\array.c">
      <Filter>Source Files</Filter>
    </ClCompile>
    <ClCompile Include="Src\obj.c">
      <Filter>Source Files</Filter>
    </ClCompile>
    <ClCompile Include="Src\error.c">
      <Filter>Source Files</Filter>
    </ClCompile>
    <ClCompile Include="Src\stmt.c">
      <Filter>Source Files</Filter>
    </ClCompile>
  </ItemGroup>
  <ItemGroup>
    <ClInclude Include="Src\dew.h">
      <Filter>Header Files</Filter>
    </ClInclude>
    <ClInclude Include="Src\httpio.h">
      <Filter>Header Files</Filter>
    </ClInclude>
    <ClInclude Include="Src\snprfh.h">
      <Filter>Header Files</Filter>
    </ClInclude>
    <ClInclude Include="Src\cmemh.h">
      <Filter>Header Files</Filter>
    </ClInclude>
    <ClInclude Include="Src\utl.h">
      <Filter>Header Files</Filter>
    </ClInclude>
    <ClInclude Include="Src\parsehttp.h">
      <Filter>Header Files</Filter>
    </ClInclude>
    <ClInclude Include="Src\jsenv.h">
      <Filter>Header Files</Filter>
    </ClInclude>
    <ClInclude Include="Src\jstok.h">
      <Filter>Header Files</Filter>
    </ClInclude>
    <ClInclude Include="Src\jsexp.h">
      <Filter>Header Files</Filter>
    </ClInclude>
    <ClInclude Include="Src\internal.h">
      <Filter>Header Files</Filter>
    </ClInclude>
    <ClInclude Include="Src\var.h">
      <Filter>Header Files</Filter>
    </ClInclude>
    <ClInclude Include="Src\dbtreeh.h">
      <Filter>Header Files</Filter>
    </ClInclude>
    <ClInclude Include="Src\prep.h">
      <Filter>Header Files</Filter>
    </ClInclude>
    <ClInclude Include="Src\print.h">
      <Filter>Header Files</Filter>
    </ClInclude>
    <ClInclude Include="Src\array.h">
      <Filter>Header Files</Filter>
    </ClInclude>
    <ClInclude Include="Src\obj.h">
      <Filter>Header Files</Filter>
    </ClInclude>
    <ClInclude Include="Header.h">
      <Filter>Header Files</Filter>
    </ClInclude>
    <ClInclude Include="Src\error.h">
      <Filter>Header Files</Filter>
    </ClInclude>
    <ClInclude Include="Src\stmt.h">
      <Filter>Header Files</Filter>
    </ClInclude>
  </ItemGroup>
  <ItemGroup>
    <None Include="RenameDirsDew.bat">
      <Filter>Etc</Filter>
    </None>
    <None Include="vsc\jstest02.js">
      <Filter>Javascript</Filter>
    </None>
    <None Include="vsc\xeqfil-if-Tests.js">
      <Filter>Javascript</Filter>
    </None>
    <None Include="vsc\xeqfil-while-Tests.js">
      <Filter>Javascript</Filter>
    </None>
    <None Include="Run\oldvsc\jstest02-210111.js">
      <Filter>Javascript\Old</Filter>
    </None>
    <None Include="Run\oldvsc\jstest02-210224.js">
      <Filter>Javascript\Old</Filter>
    </None>
    <None Include="Run\oldvsc\jstest02-scratch.js">
      <Filter>Javascript\Old</Filter>
    </None>
    <None Include="vsc\xeqfil-Tests101-Tests.js">
      <Filter>Javascript</Filter>
    </None>
    <None Include="vsc\jstest03.js">
      <Filter>Javascript</Filter>
    </None>
  </ItemGroup>
  <ItemGroup>
    <Text Include="Run\parms.txt">
      <Filter>Etc</Filter>
    </Text>
    <Text Include="Etc\DewNotes.txt">
      <Filter>Etc</Filter>
    </Text>
  </ItemGroup>
</Project>